
Microsoft Visual Studio Solution File, Format Version 12.00
# Visual Studio Version 16
VisualStudioVersion = 16.0.30717.126
MinimumVisualStudioVersion = 10.0.40219.1
Project("{FAE04EC0-301F-11D3-BF4B-00C04F79EFBC}") = "CapaPresentacion", "CapaPresentacion\CapaPresentacion.csproj", "{2A21ABEA-EE13-4571-88AC-5ADC337B4EC0}"
EndProject
Global
	GlobalSection(SolutionConfigurationPlatforms) = preSolution
		Debug|Any CPU = Debug|Any CPU
		Release|Any CPU = Release|Any CPU
	EndGlobalSection
	GlobalSection(ProjectConfigurationPlatforms) = postSolution
		{2A21ABEA-EE13-4571-88AC-5ADC337B4EC0}.Debug|Any CPU.ActiveCfg = Debug|Any CPU
		{2A21ABEA-EE13-4571-88AC-5ADC337B4EC0}.Debug|Any CPU.Build.0 = Debug|Any CPU
		{2A21ABEA-EE13-4571-88AC-5ADC337B4EC0}.Release|Any CPU.ActiveCfg = Release|Any CPU
		{2A21ABEA-EE13-4571-88AC-5ADC337B4EC0}.Release|Any CPU.Build.0 = Release|Any CPU
	EndGlobalSection
	GlobalSection(SolutionProperties) = preSolution
		HideSolutionNode = FALSE
	EndGlobalSection
	GlobalSection(ExtensibilityGlobals) = postSolution
		SolutionGuid = {533428EA-50D7-4E3C-B54D-ABC7EE6D2885}
	EndGlobalSection
EndGlobal
